
Microsoft Visual Studio Solution File, Format Version 12.00
# Visual Studio Version 17
VisualStudioVersion = 17.14.36518.9
MinimumVisualStudioVersion = 10.0.40219.1
Project("{FAE04EC0-301F-11D3-BF4B-00C04F79EFBC}") = "Singleton Pattern", "Singleton Pattern\Singleton Pattern.csproj", "{D729F985-93FF-4684-8409-1E277C9296C9}"
EndProject
Project("{FAE04EC0-301F-11D3-BF4B-00C04F79EFBC}") = "Factory Method", "Factory Method\Factory Method.csproj", "{51D55FDC-94BE-41D4-86A8-D56A8B0C2B6C}"
EndProject
Project("{FAE04EC0-301F-11D3-BF4B-00C04F79EFBC}") = "Abstract Factory Pattern", "Abstract Factory Pattern\Abstract Factory Pattern.csproj", "{D553E064-E91D-4F4B-9034-12F22A61BBC4}"
EndProject
Project("{FAE04EC0-301F-11D3-BF4B-00C04F79EFBC}") = "Builder Pattern", "Builder Pattern\Builder Pattern.csproj", "{92737328-664A-4850-BA56-D4CE055A8726}"
EndProject
Project("{FAE04EC0-301F-11D3-BF4B-00C04F79EFBC}") = "Facade Design Pattern", "Facade Design Pattern\Facade Design Pattern.csproj", "{C5B7BC7C-18A5-4F28-A163-DBC81C291053}"
EndProject
Project("{FAE04EC0-301F-11D3-BF4B-00C04F79EFBC}") = "Adapter Pattern", "Adapter Pattern\Adapter Pattern.csproj", "{274EE053-2FE3-4393-84EB-8CB4D0D3A72E}"
EndProject
Project("{FAE04EC0-301F-11D3-BF4B-00C04F79EFBC}") = "Decorator Pattern", "Decorator Pattern\Decorator Pattern.csproj", "{76118ED7-4107-4032-A479-7141D5F06047}"
EndProject
Project("{FAE04EC0-301F-11D3-BF4B-00C04F79EFBC}") = "Proxy Pattern", "Proxy Pattern\Proxy Pattern.csproj", "{8349B940-329E-CDCE-78FB-B6D73BC45277}"
EndProject
Project("{FAE04EC0-301F-11D3-BF4B-00C04F79EFBC}") = "Composite Pattern", "Composite Pattern\Composite Pattern.csproj", "{D6A0793F-F199-461D-9B6A-8A425C3B291F}"
EndProject
Project("{FAE04EC0-301F-11D3-BF4B-00C04F79EFBC}") = "Strategy Pattern", "Strategy Pattern\Strategy Pattern.csproj", "{AFCB568E-FA45-4230-BFC4-4D8771417B1F}"
EndProject
Project("{FAE04EC0-301F-11D3-BF4B-00C04F79EFBC}") = "Template Pattern", "Template Pattern\Template Pattern.csproj", "{FA00942D-086E-4741-A961-AC52E426AE9D}"
EndProject
Project("{FAE04EC0-301F-11D3-BF4B-00C04F79EFBC}") = "Chain of Resposibility Pattern", "Chain of Resposibility Pattern\Chain of Resposibility Pattern.csproj", "{5B6F338F-747D-4448-99E7-EF358E078E6B}"
EndProject
Project("{FAE04EC0-301F-11D3-BF4B-00C04F79EFBC}") = "Command Pattern", "Command Pattern\Command Pattern.csproj", "{E592C561-A0F2-4CC2-A7C9-D0AF3B02ABEE}"
EndProject
Project("{FAE04EC0-301F-11D3-BF4B-00C04F79EFBC}") = "Command & Template Pattern", "Command & Template Pattern\Command & Template Pattern.csproj", "{8E3E84AE-218F-4BCE-9C59-749163A3E9EA}"
EndProject
Global
	GlobalSection(SolutionConfigurationPlatforms) = preSolution
		Debug|Any CPU = Debug|Any CPU
		Release|Any CPU = Release|Any CPU
	EndGlobalSection
	GlobalSection(ProjectConfigurationPlatforms) = postSolution
		{D729F985-93FF-4684-8409-1E277C9296C9}.Debug|Any CPU.ActiveCfg = Debug|Any CPU
		{D729F985-93FF-4684-8409-1E277C9296C9}.Debug|Any CPU.Build.0 = Debug|Any CPU
		{D729F985-93FF-4684-8409-1E277C9296C9}.Release|Any CPU.ActiveCfg = Release|Any CPU
		{D729F985-93FF-4684-8409-1E277C9296C9}.Release|Any CPU.Build.0 = Release|Any CPU
		{51D55FDC-94BE-41D4-86A8-D56A8B0C2B6C}.Debug|Any CPU.ActiveCfg = Debug|Any CPU
		{51D55FDC-94BE-41D4-86A8-D56A8B0C2B6C}.Debug|Any CPU.Build.0 = Debug|Any CPU
		{51D55FDC-94BE-41D4-86A8-D56A8B0C2B6C}.Release|Any CPU.ActiveCfg = Release|Any CPU
		{51D55FDC-94BE-41D4-86A8-D56A8B0C2B6C}.Release|Any CPU.Build.0 = Release|Any CPU
		{D553E064-E91D-4F4B-9034-12F22A61BBC4}.Debug|Any CPU.ActiveCfg = Debug|Any CPU
		{D553E064-E91D-4F4B-9034-12F22A61BBC4}.Debug|Any CPU.Build.0 = Debug|Any CPU
		{D553E064-E91D-4F4B-9034-12F22A61BBC4}.Release|Any CPU.ActiveCfg = Release|Any CPU
		{D553E064-E91D-4F4B-9034-12F22A61BBC4}.Release|Any CPU.Build.0 = Release|Any CPU
		{92737328-664A-4850-BA56-D4CE055A8726}.Debug|Any CPU.ActiveCfg = Debug|Any CPU
		{92737328-664A-4850-BA56-D4CE055A8726}.Debug|Any CPU.Build.0 = Debug|Any CPU
		{92737328-664A-4850-BA56-D4CE055A8726}.Release|Any CPU.ActiveCfg = Release|Any CPU
		{92737328-664A-4850-BA56-D4CE055A8726}.Release|Any CPU.Build.0 = Release|Any CPU
		{C5B7BC7C-18A5-4F28-A163-DBC81C291053}.Debug|Any CPU.ActiveCfg = Debug|Any CPU
		{C5B7BC7C-18A5-4F28-A163-DBC81C291053}.Debug|Any CPU.Build.0 = Debug|Any CPU
		{C5B7BC7C-18A5-4F28-A163-DBC81C291053}.Release|Any CPU.ActiveCfg = Release|Any CPU
		{C5B7BC7C-18A5-4F28-A163-DBC81C291053}.Release|Any CPU.Build.0 = Release|Any CPU
		{274EE053-2FE3-4393-84EB-8CB4D0D3A72E}.Debug|Any CPU.ActiveCfg = Debug|Any CPU
		{274EE053-2FE3-4393-84EB-8CB4D0D3A72E}.Debug|Any CPU.Build.0 = Debug|Any CPU
		{274EE053-2FE3-4393-84EB-8CB4D0D3A72E}.Release|Any CPU.ActiveCfg = Release|Any CPU
		{274EE053-2FE3-4393-84EB-8CB4D0D3A72E}.Release|Any CPU.Build.0 = Release|Any CPU
		{76118ED7-4107-4032-A479-7141D5F06047}.Debug|Any CPU.ActiveCfg = Debug|Any CPU
		{76118ED7-4107-4032-A479-7141D5F06047}.Debug|Any CPU.Build.0 = Debug|Any CPU
		{76118ED7-4107-4032-A479-7141D5F06047}.Release|Any CPU.ActiveCfg = Release|Any CPU
		{76118ED7-4107-4032-A479-7141D5F06047}.Release|Any CPU.Build.0 = Release|Any CPU
		{8349B940-329E-CDCE-78FB-B6D73BC45277}.Debug|Any CPU.ActiveCfg = Debug|Any CPU
		{8349B940-329E-CDCE-78FB-B6D73BC45277}.Debug|Any CPU.Build.0 = Debug|Any CPU
		{8349B940-329E-CDCE-78FB-B6D73BC45277}.Release|Any CPU.ActiveCfg = Release|Any CPU
		{8349B940-329E-CDCE-78FB-B6D73BC45277}.Release|Any CPU.Build.0 = Release|Any CPU
		{D6A0793F-F199-461D-9B6A-8A425C3B291F}.Debug|Any CPU.ActiveCfg = Debug|Any CPU
		{D6A0793F-F199-461D-9B6A-8A425C3B291F}.Debug|Any CPU.Build.0 = Debug|Any CPU
		{D6A0793F-F199-461D-9B6A-8A425C3B291F}.Release|Any CPU.ActiveCfg = Release|Any CPU
		{D6A0793F-F199-461D-9B6A-8A425C3B291F}.Release|Any CPU.Build.0 = Release|Any CPU
		{AFCB568E-FA45-4230-BFC4-4D8771417B1F}.Debug|Any CPU.ActiveCfg = Debug|Any CPU
		{AFCB568E-FA45-4230-BFC4-4D8771417B1F}.Debug|Any CPU.Build.0 = Debug|Any CPU
		{AFCB568E-FA45-4230-BFC4-4D8771417B1F}.Release|Any CPU.ActiveCfg = Release|Any CPU
		{AFCB568E-FA45-4230-BFC4-4D8771417B1F}.Release|Any CPU.Build.0 = Release|Any CPU
		{FA00942D-086E-4741-A961-AC52E426AE9D}.Debug|Any CPU.ActiveCfg = Debug|Any CPU
		{FA00942D-086E-4741-A961-AC52E426AE9D}.Debug|Any CPU.Build.0 = Debug|Any CPU
		{FA00942D-086E-4741-A961-AC52E426AE9D}.Release|Any CPU.ActiveCfg = Release|Any CPU
		{FA00942D-086E-4741-A961-AC52E426AE9D}.Release|Any CPU.Build.0 = Release|Any CPU
		{5B6F338F-747D-4448-99E7-EF358E078E6B}.Debug|Any CPU.ActiveCfg = Debug|Any CPU
		{5B6F338F-747D-4448-99E7-EF358E078E6B}.Debug|Any CPU.Build.0 = Debug|Any CPU
		{5B6F338F-747D-4448-99E7-EF358E078E6B}.Release|Any CPU.ActiveCfg = Release|Any CPU
		{5B6F338F-747D-4448-99E7-EF358E078E6B}.Release|Any CPU.Build.0 = Release|Any CPU
		{E592C561-A0F2-4CC2-A7C9-D0AF3B02ABEE}.Debug|Any CPU.ActiveCfg = Debug|Any CPU
		{E592C561-A0F2-4CC2-A7C9-D0AF3B02ABEE}.Debug|Any CPU.Build.0 = Debug|Any CPU
		{E592C561-A0F2-4CC2-A7C9-D0AF3B02ABEE}.Release|Any CPU.ActiveCfg = Release|Any CPU
		{E592C561-A0F2-4CC2-A7C9-D0AF3B02ABEE}.Release|Any CPU.Build.0 = Release|Any CPU
		{8E3E84AE-218F-4BCE-9C59-749163A3E9EA}.Debug|Any CPU.ActiveCfg = Debug|Any CPU
		{8E3E84AE-218F-4BCE-9C59-749163A3E9EA}.Debug|Any CPU.Build.0 = Debug|Any CPU
		{8E3E84AE-218F-4BCE-9C59-749163A3E9EA}.Release|Any CPU.ActiveCfg = Release|Any CPU
		{8E3E84AE-218F-4BCE-9C59-749163A3E9EA}.Release|Any CPU.Build.0 = Release|Any CPU
	EndGlobalSection
	GlobalSection(SolutionProperties) = preSolution
		HideSolutionNode = FALSE
	EndGlobalSection
	GlobalSection(ExtensibilityGlobals) = postSolution
		SolutionGuid = {7AB3C0C0-5AAB-425A-8FB5-AA16E301AA8D}
	EndGlobalSection
EndGlobal
